
Microsoft Visual Studio Solution File, Format Version 12.00
# Visual Studio Version 17
VisualStudioVersion = 17.14.36408.4
MinimumVisualStudioVersion = 10.0.40219.1
Project("{FAE04EC0-301F-11D3-BF4B-00C04F79EFBC}") = "ProyecParadigBack", "ProyecParadigBack\ProyecParadigBack.csproj", "{DE2FC0BD-A95C-432E-91FA-63FB38B2CD97}"
EndProject
Project("{FAE04EC0-301F-11D3-BF4B-00C04F79EFBC}") = "Services", "Services\Services.csproj", "{16F786A0-26BE-4FCA-A9D5-F9926C0E1B30}"
EndProject
Project("{FAE04EC0-301F-11D3-BF4B-00C04F79EFBC}") = "Domain", "Domain\Domain.csproj", "{270405A8-E4DE-441A-AD3E-61167150D495}"
EndProject
Project("{FAE04EC0-301F-11D3-BF4B-00C04F79EFBC}") = "Application", "Application\Application.csproj", "{D64F21B7-E374-4EAB-9565-605B6F7BD37E}"
EndProject
Global
	GlobalSection(SolutionConfigurationPlatforms) = preSolution
		Debug|Any CPU = Debug|Any CPU
		Release|Any CPU = Release|Any CPU
	EndGlobalSection
	GlobalSection(ProjectConfigurationPlatforms) = postSolution
		{DE2FC0BD-A95C-432E-91FA-63FB38B2CD97}.Debug|Any CPU.ActiveCfg = Debug|Any CPU
		{DE2FC0BD-A95C-432E-91FA-63FB38B2CD97}.Debug|Any CPU.Build.0 = Debug|Any CPU
		{DE2FC0BD-A95C-432E-91FA-63FB38B2CD97}.Release|Any CPU.ActiveCfg = Release|Any CPU
		{DE2FC0BD-A95C-432E-91FA-63FB38B2CD97}.Release|Any CPU.Build.0 = Release|Any CPU
		{16F786A0-26BE-4FCA-A9D5-F9926C0E1B30}.Debug|Any CPU.ActiveCfg = Debug|Any CPU
		{16F786A0-26BE-4FCA-A9D5-F9926C0E1B30}.Debug|Any CPU.Build.0 = Debug|Any CPU
		{16F786A0-26BE-4FCA-A9D5-F9926C0E1B30}.Release|Any CPU.ActiveCfg = Release|Any CPU
		{16F786A0-26BE-4FCA-A9D5-F9926C0E1B30}.Release|Any CPU.Build.0 = Release|Any CPU
		{270405A8-E4DE-441A-AD3E-61167150D495}.Debug|Any CPU.ActiveCfg = Debug|Any CPU
		{270405A8-E4DE-441A-AD3E-61167150D495}.Debug|Any CPU.Build.0 = Debug|Any CPU
		{270405A8-E4DE-441A-AD3E-61167150D495}.Release|Any CPU.ActiveCfg = Release|Any CPU
		{270405A8-E4DE-441A-AD3E-61167150D495}.Release|Any CPU.Build.0 = Release|Any CPU
		{D64F21B7-E374-4EAB-9565-605B6F7BD37E}.Debug|Any CPU.ActiveCfg = Debug|Any CPU
		{D64F21B7-E374-4EAB-9565-605B6F7BD37E}.Debug|Any CPU.Build.0 = Debug|Any CPU
		{D64F21B7-E374-4EAB-9565-605B6F7BD37E}.Release|Any CPU.ActiveCfg = Release|Any CPU
		{D64F21B7-E374-4EAB-9565-605B6F7BD37E}.Release|Any CPU.Build.0 = Release|Any CPU
	EndGlobalSection
	GlobalSection(SolutionProperties) = preSolution
		HideSolutionNode = FALSE
	EndGlobalSection
	GlobalSection(ExtensibilityGlobals) = postSolution
		SolutionGuid = {3C0ECE70-E744-4DC4-93B8-1FC90436581D}
	EndGlobalSection
EndGlobal
